
Microsoft Visual Studio Solution File, Format Version 12.00
# Visual Studio 2012
Project("{FAE04EC0-301F-11D3-BF4B-00C04F79EFBC}") = "CodeOnlyDemo", "CodeOnlyProject\CodeOnlyDemo.csproj", "{DB8B7EBC-51F2-4581-8F85-A930D67C2A1D}"
EndProject
Project("{2150E333-8FDC-42A3-9474-1A3956D46DE8}") = "Solution Items", "Solution Items", "{273DEFC0-9C6C-4846-9773-E9C2B6E1DDD1}"
	ProjectSection(SolutionItems) = preProject
		README.md = README.md
	EndProjectSection
EndProject
Project("{FAE04EC0-301F-11D3-BF4B-00C04F79EFBC}") = "SimpleLogin", "SimpleLogin\SimpleLogin.csproj", "{913CC6EF-E189-424B-9B8E-87EFC6304785}"
EndProject
Global
	GlobalSection(SolutionConfigurationPlatforms) = preSolution
		Debug|iPhoneSimulator = Debug|iPhoneSimulator
		Release|iPhoneSimulator = Release|iPhoneSimulator
		Debug|iPhone = Debug|iPhone
		Release|iPhone = Release|iPhone
		Ad-Hoc|iPhone = Ad-Hoc|iPhone
		AppStore|iPhone = AppStore|iPhone
	EndGlobalSection
	GlobalSection(ProjectConfigurationPlatforms) = postSolution
		{DB8B7EBC-51F2-4581-8F85-A930D67C2A1D}.Ad-Hoc|iPhone.ActiveCfg = Ad-Hoc|iPhone
		{DB8B7EBC-51F2-4581-8F85-A930D67C2A1D}.Ad-Hoc|iPhone.Build.0 = Ad-Hoc|iPhone
		{DB8B7EBC-51F2-4581-8F85-A930D67C2A1D}.AppStore|iPhone.ActiveCfg = AppStore|iPhone
		{DB8B7EBC-51F2-4581-8F85-A930D67C2A1D}.AppStore|iPhone.Build.0 = AppStore|iPhone
		{DB8B7EBC-51F2-4581-8F85-A930D67C2A1D}.Debug|iPhone.ActiveCfg = Debug|iPhone
		{DB8B7EBC-51F2-4581-8F85-A930D67C2A1D}.Debug|iPhone.Build.0 = Debug|iPhone
		{DB8B7EBC-51F2-4581-8F85-A930D67C2A1D}.Debug|iPhoneSimulator.ActiveCfg = Debug|iPhoneSimulator
		{DB8B7EBC-51F2-4581-8F85-A930D67C2A1D}.Debug|iPhoneSimulator.Build.0 = Debug|iPhoneSimulator
		{DB8B7EBC-51F2-4581-8F85-A930D67C2A1D}.Release|iPhone.ActiveCfg = Release|iPhone
		{DB8B7EBC-51F2-4581-8F85-A930D67C2A1D}.Release|iPhone.Build.0 = Release|iPhone
		{DB8B7EBC-51F2-4581-8F85-A930D67C2A1D}.Release|iPhoneSimulator.ActiveCfg = Release|iPhoneSimulator
		{DB8B7EBC-51F2-4581-8F85-A930D67C2A1D}.Release|iPhoneSimulator.Build.0 = Release|iPhoneSimulator
		{913CC6EF-E189-424B-9B8E-87EFC6304785}.Debug|iPhoneSimulator.ActiveCfg = Debug|iPhoneSimulator
		{913CC6EF-E189-424B-9B8E-87EFC6304785}.Debug|iPhoneSimulator.Build.0 = Debug|iPhoneSimulator
		{913CC6EF-E189-424B-9B8E-87EFC6304785}.Release|iPhoneSimulator.ActiveCfg = Release|iPhoneSimulator
		{913CC6EF-E189-424B-9B8E-87EFC6304785}.Release|iPhoneSimulator.Build.0 = Release|iPhoneSimulator
		{913CC6EF-E189-424B-9B8E-87EFC6304785}.Debug|iPhone.ActiveCfg = Debug|iPhone
		{913CC6EF-E189-424B-9B8E-87EFC6304785}.Debug|iPhone.Build.0 = Debug|iPhone
		{913CC6EF-E189-424B-9B8E-87EFC6304785}.Release|iPhone.ActiveCfg = Release|iPhone
		{913CC6EF-E189-424B-9B8E-87EFC6304785}.Release|iPhone.Build.0 = Release|iPhone
		{913CC6EF-E189-424B-9B8E-87EFC6304785}.Ad-Hoc|iPhone.ActiveCfg = Release|iPhone
		{913CC6EF-E189-424B-9B8E-87EFC6304785}.Ad-Hoc|iPhone.Build.0 = Release|iPhone
		{913CC6EF-E189-424B-9B8E-87EFC6304785}.AppStore|iPhone.ActiveCfg = Release|iPhone
		{913CC6EF-E189-424B-9B8E-87EFC6304785}.AppStore|iPhone.Build.0 = Release|iPhone
	EndGlobalSection
	GlobalSection(MonoDevelopProperties) = preSolution
		StartupItem = CodeOnlyProject\CodeOnlyDemo.csproj
	EndGlobalSection
EndGlobal
